// !$*UTF8*$!
{
	archiveVersion = 1;
	classes = {
	};
	objectVersion = 56;
	objects = {

/* Begin PBXBuildFile section */
		956D3C7B2AAB8554008B8FF8 /* Hosts_ToolApp.swift in Sources */ = {isa = PBXBuildFile; fileRef = 956D3C7A2AAB8554008B8FF8 /* Hosts_ToolApp.swift */; };
		956D3C7D2AAB8554008B8FF8 /* ContentView.swift in Sources */ = {isa = PBXBuildFile; fileRef = 956D3C7C2AAB8554008B8FF8 /* ContentView.swift */; };
		956D3C7F2AAB8556008B8FF8 /* Assets.xcassets in Resources */ = {isa = PBXBuildFile; fileRef = 956D3C7E2AAB8556008B8FF8 /* Assets.xcassets */; };
		956D3C822AAB8556008B8FF8 /* Preview Assets.xcassets in Resources */ = {isa = PBXBuildFile; fileRef = 956D3C812AAB8556008B8FF8 /* Preview Assets.xcassets */; };
		956D3C8D2AAB8556008B8FF8 /* Hosts_ToolTests.swift in Sources */ = {isa = PBXBuildFile; fileRef = 956D3C8C2AAB8556008B8FF8 /* Hosts_ToolTests.swift */; };
		956D3C972AAB8556008B8FF8 /* Hosts_ToolUITests.swift in Sources */ = {isa = PBXBuildFile; fileRef = 956D3C962AAB8556008B8FF8 /* Hosts_ToolUITests.swift */; };
		956D3C992AAB8556008B8FF8 /* Hosts_ToolUITestsLaunchTests.swift in Sources */ = {isa = PBXBuildFile; fileRef = 956D3C982AAB8556008B8FF8 /* Hosts_ToolUITestsLaunchTests.swift */; };
		956D3CA62AAB8651008B8FF8 /* Service.swift in Sources */ = {isa = PBXBuildFile; fileRef = 956D3CA52AAB8651008B8FF8 /* Service.swift */; };
/* End PBXBuildFile section */

/* Begin PBXContainerItemProxy section */
		956D3C892AAB8556008B8FF8 /* PBXContainerItemProxy */ = {
			isa = PBXContainerItemProxy;
			containerPortal = 956D3C6F2AAB8554008B8FF8 /* Project object */;
			proxyType = 1;
			remoteGlobalIDString = 956D3C762AAB8554008B8FF8;
			remoteInfo = "Hosts Tool";
		};
		956D3C932AAB8556008B8FF8 /* PBXContainerItemProxy */ = {
			isa = PBXContainerItemProxy;
			containerPortal = 956D3C6F2AAB8554008B8FF8 /* Project object */;
			proxyType = 1;
			remoteGlobalIDString = 956D3C762AAB8554008B8FF8;
			remoteInfo = "Hosts Tool";
		};
/* End PBXContainerItemProxy section */

/* Begin PBXFileReference section */
		956D3C772AAB8554008B8FF8 /* Hosts Tool.app */ = {isa = PBXFileReference; explicitFileType = wrapper.application; includeInIndex = 0; path = "Hosts Tool.app"; sourceTree = BUILT_PRODUCTS_DIR; };
		956D3C7A2AAB8554008B8FF8 /* Hosts_ToolApp.swift */ = {isa = PBXFileReference; lastKnownFileType = sourcecode.swift; path = Hosts_ToolApp.swift; sourceTree = "<group>"; };
		956D3C7C2AAB8554008B8FF8 /* ContentView.swift */ = {isa = PBXFileReference; lastKnownFileType = sourcecode.swift; path = ContentView.swift; sourceTree = "<group>"; };
		956D3C7E2AAB8556008B8FF8 /* Assets.xcassets */ = {isa = PBXFileReference; lastKnownFileType = folder.assetcatalog; path = Assets.xcassets; sourceTree = "<group>"; };
		956D3C812AAB8556008B8FF8 /* Preview Assets.xcassets */ = {isa = PBXFileReference; lastKnownFileType = folder.assetcatalog; path = "Preview Assets.xcassets"; sourceTree = "<group>"; };
		956D3C832AAB8556008B8FF8 /* Hosts_Tool.entitlements */ = {isa = PBXFileReference; lastKnownFileType = text.plist.entitlements; path = Hosts_Tool.entitlements; sourceTree = "<group>"; };
		956D3C882AAB8556008B8FF8 /* Hosts ToolTests.xctest */ = {isa = PBXFileReference; explicitFileType = wrapper.cfbundle; includeInIndex = 0; path = "Hosts ToolTests.xctest"; sourceTree = BUILT_PRODUCTS_DIR; };
		956D3C8C2AAB8556008B8FF8 /* Hosts_ToolTests.swift */ = {isa = PBXFileReference; lastKnownFileType = sourcecode.swift; path = Hosts_ToolTests.swift; sourceTree = "<group>"; };
		956D3C922AAB8556008B8FF8 /* Hosts ToolUITests.xctest */ = {isa = PBXFileReference; explicitFileType = wrapper.cfbundle; includeInIndex = 0; path = "Hosts ToolUITests.xctest"; sourceTree = BUILT_PRODUCTS_DIR; };
		956D3C962AAB8556008B8FF8 /* Hosts_ToolUITests.swift */ = {isa = PBXFileReference; lastKnownFileType = sourcecode.swift; path = Hosts_ToolUITests.swift; sourceTree = "<group>"; };
		956D3C982AAB8556008B8FF8 /* Hosts_ToolUITestsLaunchTests.swift */ = {isa = PBXFileReference; lastKnownFileType = sourcecode.swift; path = Hosts_ToolUITestsLaunchTests.swift; sourceTree = "<group>"; };
		956D3CA52AAB8651008B8FF8 /* Service.swift */ = {isa = PBXFileReference; lastKnownFileType = sourcecode.swift; path = Service.swift; sourceTree = "<group>"; };
/* End PBXFileReference section */

/* Begin PBXFrameworksBuildPhase section */
		956D3C742AAB8554008B8FF8 /* Frameworks */ = {
			isa = PBXFrameworksBuildPhase;
			buildActionMask = 2147483647;
			files = (
			);
			runOnlyForDeploymentPostprocessing = 0;
		};
		956D3C852AAB8556008B8FF8 /* Frameworks */ = {
			isa = PBXFrameworksBuildPhase;
			buildActionMask = 2147483647;
			files = (
			);
			runOnlyForDeploymentPostprocessing = 0;
		};
		956D3C8F2AAB8556008B8FF8 /* Frameworks */ = {
			isa = PBXFrameworksBuildPhase;
			buildActionMask = 2147483647;
			files = (
			);
			runOnlyForDeploymentPostprocessing = 0;
		};
/* End PBXFrameworksBuildPhase section */

/* Begin PBXGroup section */
		956D3C6E2AAB8554008B8FF8 = {
			isa = PBXGroup;
			children = (
				956D3C792AAB8554008B8FF8 /* Hosts Tool */,
				956D3C8B2AAB8556008B8FF8 /* Hosts ToolTests */,
				956D3C952AAB8556008B8FF8 /* Hosts ToolUITests */,
				956D3C782AAB8554008B8FF8 /* Products */,
			);
			indentWidth = 2;
			sourceTree = "<group>";
			tabWidth = 2;
		};
		956D3C782AAB8554008B8FF8 /* Products */ = {
			isa = PBXGroup;
			children = (
				956D3C772AAB8554008B8FF8 /* Hosts Tool.app */,
				956D3C882AAB8556008B8FF8 /* Hosts ToolTests.xctest */,
				956D3C922AAB8556008B8FF8 /* Hosts ToolUITests.xctest */,
			);
			name = Products;
			sourceTree = "<group>";
		};
		956D3C792AAB8554008B8FF8 /* Hosts Tool */ = {
			isa = PBXGroup;
			children = (
				956D3C7A2AAB8554008B8FF8 /* Hosts_ToolApp.swift */,
				956D3C7C2AAB8554008B8FF8 /* ContentView.swift */,
				956D3C7E2AAB8556008B8FF8 /* Assets.xcassets */,
				956D3C832AAB8556008B8FF8 /* Hosts_Tool.entitlements */,
				956D3C802AAB8556008B8FF8 /* Preview Content */,
				956D3CA52AAB8651008B8FF8 /* Service.swift */,
			);
			path = "Hosts Tool";
			sourceTree = "<group>";
		};
		956D3C802AAB8556008B8FF8 /* Preview Content */ = {
			isa = PBXGroup;
			children = (
				956D3C812AAB8556008B8FF8 /* Preview Assets.xcassets */,
			);
			path = "Preview Content";
			sourceTree = "<group>";
		};
		956D3C8B2AAB8556008B8FF8 /* Hosts ToolTests */ = {
			isa = PBXGroup;
			children = (
				956D3C8C2AAB8556008B8FF8 /* Hosts_ToolTests.swift */,
			);
			path = "Hosts ToolTests";
			sourceTree = "<group>";
		};
		956D3C952AAB8556008B8FF8 /* Hosts ToolUITests */ = {
			isa = PBXGroup;
			children = (
				956D3C962AAB8556008B8FF8 /* Hosts_ToolUITests.swift */,
				956D3C982AAB8556008B8FF8 /* Hosts_ToolUITestsLaunchTests.swift */,
			);
			path = "Hosts ToolUITests";
			sourceTree = "<group>";
		};
/* End PBXGroup section */

/* Begin PBXNativeTarget section */
		956D3C762AAB8554008B8FF8 /* Hosts Tool */ = {
			isa = PBXNativeTarget;
			buildConfigurationList = 956D3C9C2AAB8556008B8FF8 /* Build configuration list for PBXNativeTarget "Hosts Tool" */;
			buildPhases = (
				956D3C732AAB8554008B8FF8 /* Sources */,
				956D3C742AAB8554008B8FF8 /* Frameworks */,
				956D3C752AAB8554008B8FF8 /* Resources */,
			);
			buildRules = (
			);
			dependencies = (
			);
			name = "Hosts Tool";
			productName = "Hosts Tool";
			productReference = 956D3C772AAB8554008B8FF8 /* Hosts Tool.app */;
			productType = "com.apple.product-type.application";
		};
		956D3C872AAB8556008B8FF8 /* Hosts ToolTests */ = {
			isa = PBXNativeTarget;
			buildConfigurationList = 956D3C9F2AAB8556008B8FF8 /* Build configuration list for PBXNativeTarget "Hosts ToolTests" */;
			buildPhases = (
				956D3C842AAB8556008B8FF8 /* Sources */,
				956D3C852AAB8556008B8FF8 /* Frameworks */,
				956D3C862AAB8556008B8FF8 /* Resources */,
			);
			buildRules = (
			);
			dependencies = (
				956D3C8A2AAB8556008B8FF8 /* PBXTargetDependency */,
			);
			name = "Hosts ToolTests";
			productName = "Hosts ToolTests";
			productReference = 956D3C882AAB8556008B8FF8 /* Hosts ToolTests.xctest */;
			productType = "com.apple.product-type.bundle.unit-test";
		};
		956D3C912AAB8556008B8FF8 /* Hosts ToolUITests */ = {
			isa = PBXNativeTarget;
			buildConfigurationList = 956D3CA22AAB8556008B8FF8 /* Build configuration list for PBXNativeTarget "Hosts ToolUITests" */;
			buildPhases = (
				956D3C8E2AAB8556008B8FF8 /* Sources */,
				956D3C8F2AAB8556008B8FF8 /* Frameworks */,
				956D3C902AAB8556008B8FF8 /* Resources */,
			);
			buildRules = (
			);
			dependencies = (
				956D3C942AAB8556008B8FF8 /* PBXTargetDependency */,
			);
			name = "Hosts ToolUITests";
			productName = "Hosts ToolUITests";
			productReference = 956D3C922AAB8556008B8FF8 /* Hosts ToolUITests.xctest */;
			productType = "com.apple.product-type.bundle.ui-testing";
		};
/* End PBXNativeTarget section */

/* Begin PBXProject section */
		956D3C6F2AAB8554008B8FF8 /* Project object */ = {
			isa = PBXProject;
			attributes = {
				BuildIndependentTargetsInParallel = 1;
				LastSwiftUpdateCheck = 1430;
				LastUpgradeCheck = 1430;
				TargetAttributes = {
					956D3C762AAB8554008B8FF8 = {
						CreatedOnToolsVersion = 14.3.1;
					};
					956D3C872AAB8556008B8FF8 = {
						CreatedOnToolsVersion = 14.3.1;
						TestTargetID = 956D3C762AAB8554008B8FF8;
					};
					956D3C912AAB8556008B8FF8 = {
						CreatedOnToolsVersion = 14.3.1;
						TestTargetID = 956D3C762AAB8554008B8FF8;
					};
				};
			};
			buildConfigurationList = 956D3C722AAB8554008B8FF8 /* Build configuration list for PBXProject "Hosts Tool" */;
			compatibilityVersion = "Xcode 14.0";
			developmentRegion = en;
			hasScannedForEncodings = 0;
			knownRegions = (
				en,
				Base,
			);
			mainGroup = 956D3C6E2AAB8554008B8FF8;
			productRefGroup = 956D3C782AAB8554008B8FF8 /* Products */;
			projectDirPath = "";
			projectRoot = "";
			targets = (
				956D3C762AAB8554008B8FF8 /* Hosts Tool */,
				956D3C872AAB8556008B8FF8 /* Hosts ToolTests */,
				956D3C912AAB8556008B8FF8 /* Hosts ToolUITests */,
			);
		};
/* End PBXProject section */

/* Begin PBXResourcesBuildPhase section */
		956D3C752AAB8554008B8FF8 /* Resources */ = {
			isa = PBXResourcesBuildPhase;
			buildActionMask = 2147483647;
			files = (
				956D3C822AAB8556008B8FF8 /* Preview Assets.xcassets in Resources */,
				956D3C7F2AAB8556008B8FF8 /* Assets.xcassets in Resources */,
			);
			runOnlyForDeploymentPostprocessing = 0;
		};
		956D3C862AAB8556008B8FF8 /* Resources */ = {
			isa = PBXResourcesBuildPhase;
			buildActionMask = 2147483647;
			files = (
			);
			runOnlyForDeploymentPostprocessing = 0;
		};
		956D3C902AAB8556008B8FF8 /* Resources */ = {
			isa = PBXResourcesBuildPhase;
			buildActionMask = 2147483647;
			files = (
			);
			runOnlyForDeploymentPostprocessing = 0;
		};
/* End PBXResourcesBuildPhase section */

/* Begin PBXSourcesBuildPhase section */
		956D3C732AAB8554008B8FF8 /* Sources */ = {
			isa = PBXSourcesBuildPhase;
			buildActionMask = 2147483647;
			files = (
				956D3C7D2AAB8554008B8FF8 /* ContentView.swift in Sources */,
				956D3C7B2AAB8554008B8FF8 /* Hosts_ToolApp.swift in Sources */,
				956D3CA62AAB8651008B8FF8 /* Service.swift in Sources */,
			);
			runOnlyForDeploymentPostprocessing = 0;
		};
		956D3C842AAB8556008B8FF8 /* Sources */ = {
			isa = PBXSourcesBuildPhase;
			buildActionMask = 2147483647;
			files = (
				956D3C8D2AAB8556008B8FF8 /* Hosts_ToolTests.swift in Sources */,
			);
			runOnlyForDeploymentPostprocessing = 0;
		};
		956D3C8E2AAB8556008B8FF8 /* Sources */ = {
			isa = PBXSourcesBuildPhase;
			buildActionMask = 2147483647;
			files = (
				956D3C992AAB8556008B8FF8 /* Hosts_ToolUITestsLaunchTests.swift in Sources */,
				956D3C972AAB8556008B8FF8 /* Hosts_ToolUITests.swift in Sources */,
			);
			runOnlyForDeploymentPostprocessing = 0;
		};
/* End PBXSourcesBuildPhase section */

/* Begin PBXTargetDependency section */
		956D3C8A2AAB8556008B8FF8 /* PBXTargetDependency */ = {
			isa = PBXTargetDependency;
			target = 956D3C762AAB8554008B8FF8 /* Hosts Tool */;
			targetProxy = 956D3C892AAB8556008B8FF8 /* PBXContainerItemProxy */;
		};
		956D3C942AAB8556008B8FF8 /* PBXTargetDependency */ = {
			isa = PBXTargetDependency;
			target = 956D3C762AAB8554008B8FF8 /* Hosts Tool */;
			targetProxy = 956D3C932AAB8556008B8FF8 /* PBXContainerItemProxy */;
		};
/* End PBXTargetDependency section */

/* Begin XCBuildConfiguration section */
		956D3C9A2AAB8556008B8FF8 /* Debug */ = {
			isa = XCBuildConfiguration;
			buildSettings = {
				ALWAYS_SEARCH_USER_PATHS = NO;
				CLANG_ANALYZER_NONNULL = YES;
				CLANG_ANALYZER_NUMBER_OBJECT_CONVERSION = YES_AGGRESSIVE;
				CLANG_CXX_LANGUAGE_STANDARD = "gnu++20";
				CLANG_ENABLE_MODULES = YES;
				CLANG_ENABLE_OBJC_ARC = YES;
				CLANG_ENABLE_OBJC_WEAK = YES;
				CLANG_WARN_BLOCK_CAPTURE_AUTORELEASING = YES;
				CLANG_WARN_BOOL_CONVERSION = YES;
				CLANG_WARN_COMMA = YES;
				CLANG_WARN_CONSTANT_CONVERSION = YES;
				CLANG_WARN_DEPRECATED_OBJC_IMPLEMENTATIONS = YES;
				CLANG_WARN_DIRECT_OBJC_ISA_USAGE = YES_ERROR;
				CLANG_WARN_DOCUMENTATION_COMMENTS = YES;
				CLANG_WARN_EMPTY_BODY = YES;
				CLANG_WARN_ENUM_CONVERSION = YES;
				CLANG_WARN_INFINITE_RECURSION = YES;
				CLANG_WARN_INT_CONVERSION = YES;
				CLANG_WARN_NON_LITERAL_NULL_CONVERSION = YES;
				CLANG_WARN_OBJC_IMPLICIT_RETAIN_SELF = YES;
				CLANG_WARN_OBJC_LITERAL_CONVERSION = YES;
				CLANG_WARN_OBJC_ROOT_CLASS = YES_ERROR;
				CLANG_WARN_QUOTED_INCLUDE_IN_FRAMEWORK_HEADER = YES;
				CLANG_WARN_RANGE_LOOP_ANALYSIS = YES;
				CLANG_WARN_STRICT_PROTOTYPES = YES;
				CLANG_WARN_SUSPICIOUS_MOVE = YES;
				CLANG_WARN_UNGUARDED_AVAILABILITY = YES_AGGRESSIVE;
				CLANG_WARN_UNREACHABLE_CODE = YES;
				CLANG_WARN__DUPLICATE_METHOD_MATCH = YES;
				COPY_PHASE_STRIP = NO;
				DEBUG_INFORMATION_FORMAT = dwarf;
				ENABLE_STRICT_OBJC_MSGSEND = YES;
				ENABLE_TESTABILITY = YES;
				GCC_C_LANGUAGE_STANDARD = gnu11;
				GCC_DYNAMIC_NO_PIC = NO;
				GCC_NO_COMMON_BLOCKS = YES;
				GCC_OPTIMIZATION_LEVEL = 0;
				GCC_PREPROCESSOR_DEFINITIONS = (
					"DEBUG=1",
					"$(inherited)",
				);
				GCC_WARN_64_TO_32_BIT_CONVERSION = YES;
				GCC_WARN_ABOUT_RETURN_TYPE = YES_ERROR;
				GCC_WARN_UNDECLARED_SELECTOR = YES;
				GCC_WARN_UNINITIALIZED_AUTOS = YES_AGGRESSIVE;
				GCC_WARN_UNUSED_FUNCTION = YES;
				GCC_WARN_UNUSED_VARIABLE = YES;
				MACOSX_DEPLOYMENT_TARGET = 13.3;
				MTL_ENABLE_DEBUG_INFO = INCLUDE_SOURCE;
				MTL_FAST_MATH = YES;
				ONLY_ACTIVE_ARCH = YES;
				SDKROOT = macosx;
				SWIFT_ACTIVE_COMPILATION_CONDITIONS = DEBUG;
				SWIFT_OPTIMIZATION_LEVEL = "-Onone";
			};
			name = Debug;
		};
		956D3C9B2AAB8556008B8FF8 /* Release */ = {
			isa = XCBuildConfiguration;
			buildSettings = {
				ALWAYS_SEARCH_USER_PATHS = NO;
				CLANG_ANALYZER_NONNULL = YES;
				CLANG_ANALYZER_NUMBER_OBJECT_CONVERSION = YES_AGGRESSIVE;
				CLANG_CXX_LANGUAGE_STANDARD = "gnu++20";
				CLANG_ENABLE_MODULES = YES;
				CLANG_ENABLE_OBJC_ARC = YES;
				CLANG_ENABLE_OBJC_WEAK = YES;
				CLANG_WARN_BLOCK_CAPTURE_AUTORELEASING = YES;
				CLANG_WARN_BOOL_CONVERSION = YES;
				CLANG_WARN_COMMA = YES;
				CLANG_WARN_CONSTANT_CONVERSION = YES;
				CLANG_WARN_DEPRECATED_OBJC_IMPLEMENTATIONS = YES;
				CLANG_WARN_DIRECT_OBJC_ISA_USAGE = YES_ERROR;
				CLANG_WARN_DOCUMENTATION_COMMENTS = YES;
				CLANG_WARN_EMPTY_BODY = YES;
				CLANG_WARN_ENUM_CONVERSION = YES;
				CLANG_WARN_INFINITE_RECURSION = YES;
				CLANG_WARN_INT_CONVERSION = YES;
				CLANG_WARN_NON_LITERAL_NULL_CONVERSION = YES;
				CLANG_WARN_OBJC_IMPLICIT_RETAIN_SELF = YES;
				CLANG_WARN_OBJC_LITERAL_CONVERSION = YES;
				CLANG_WARN_OBJC_ROOT_CLASS = YES_ERROR;
				CLANG_WARN_QUOTED_INCLUDE_IN_FRAMEWORK_HEADER = YES;
				CLANG_WARN_RANGE_LOOP_ANALYSIS = YES;
				CLANG_WARN_STRICT_PROTOTYPES = YES;
				CLANG_WARN_SUSPICIOUS_MOVE = YES;
				CLANG_WARN_UNGUARDED_AVAILABILITY = YES_AGGRESSIVE;
				CLANG_WARN_UNREACHABLE_CODE = YES;
				CLANG_WARN__DUPLICATE_METHOD_MATCH = YES;
				COPY_PHASE_STRIP = NO;
				DEBUG_INFORMATION_FORMAT = "dwarf-with-dsym";
				ENABLE_NS_ASSERTIONS = NO;
				ENABLE_STRICT_OBJC_MSGSEND = YES;
				GCC_C_LANGUAGE_STANDARD = gnu11;
				GCC_NO_COMMON_BLOCKS = YES;
				GCC_WARN_64_TO_32_BIT_CONVERSION = YES;
				GCC_WARN_ABOUT_RETURN_TYPE = YES_ERROR;
				GCC_WARN_UNDECLARED_SELECTOR = YES;
				GCC_WARN_UNINITIALIZED_AUTOS = YES_AGGRESSIVE;
				GCC_WARN_UNUSED_FUNCTION = YES;
				GCC_WARN_UNUSED_VARIABLE = YES;
				MACOSX_DEPLOYMENT_TARGET = 13.3;
				MTL_ENABLE_DEBUG_INFO = NO;
				MTL_FAST_MATH = YES;
				SDKROOT = macosx;
				SWIFT_COMPILATION_MODE = wholemodule;
				SWIFT_OPTIMIZATION_LEVEL = "-O";
			};
			name = Release;
		};
		956D3C9D2AAB8556008B8FF8 /* Debug */ = {
			isa = XCBuildConfiguration;
			buildSettings = {
				ASSETCATALOG_COMPILER_APPICON_NAME = AppIcon;
				ASSETCATALOG_COMPILER_GLOBAL_ACCENT_COLOR_NAME = AccentColor;
				CODE_SIGN_ENTITLEMENTS = "Hosts Tool/Hosts_Tool.entitlements";
				"CODE_SIGN_IDENTITY[sdk=macosx*]" = "-";
				CODE_SIGN_STYLE = Automatic;
				COMBINE_HIDPI_IMAGES = YES;
				CURRENT_PROJECT_VERSION = 1;
				DEVELOPMENT_ASSET_PATHS = "\"Hosts Tool/Preview Content\"";
				ENABLE_PREVIEWS = YES;
				GENERATE_INFOPLIST_FILE = YES;
				INFOPLIST_KEY_NSHumanReadableCopyright = "";
				LD_RUNPATH_SEARCH_PATHS = (
					"$(inherited)",
					"@executable_path/../Frameworks",
				);
				MARKETING_VERSION = 1.0;
				PRODUCT_BUNDLE_IDENTIFIER = "Storm.Hosts-Tool";
				PRODUCT_NAME = "$(TARGET_NAME)";
				SWIFT_EMIT_LOC_STRINGS = YES;
				SWIFT_VERSION = 5.0;
			};
			name = Debug;
		};
		956D3C9E2AAB8556008B8FF8 /* Release */ = {
			isa = XCBuildConfiguration;
			buildSettings = {
				ASSETCATALOG_COMPILER_APPICON_NAME = AppIcon;
				ASSETCATALOG_COMPILER_GLOBAL_ACCENT_COLOR_NAME = AccentColor;
				CODE_SIGN_ENTITLEMENTS = "Hosts Tool/Hosts_Tool.entitlements";
				"CODE_SIGN_IDENTITY[sdk=macosx*]" = "-";
				CODE_SIGN_STYLE = Automatic;
				COMBINE_HIDPI_IMAGES = YES;
				CURRENT_PROJECT_VERSION = 1;
				DEVELOPMENT_ASSET_PATHS = "\"Hosts Tool/Preview Content\"";
				ENABLE_PREVIEWS = YES;
				GENERATE_INFOPLIST_FILE = YES;
				INFOPLIST_KEY_NSHumanReadableCopyright = "";
				LD_RUNPATH_SEARCH_PATHS = (
					"$(inherited)",
					"@executable_path/../Frameworks",
				);
				MARKETING_VERSION = 1.0;
				PRODUCT_BUNDLE_IDENTIFIER = "Storm.Hosts-Tool";
				PRODUCT_NAME = "$(TARGET_NAME)";
				SWIFT_EMIT_LOC_STRINGS = YES;
				SWIFT_VERSION = 5.0;
			};
			name = Release;
		};
		956D3CA02AAB8556008B8FF8 /* Debug */ = {
			isa = XCBuildConfiguration;
			buildSettings = {
				ALWAYS_EMBED_SWIFT_STANDARD_LIBRARIES = YES;
				BUNDLE_LOADER = "$(TEST_HOST)";
				CODE_SIGN_STYLE = Automatic;
				CURRENT_PROJECT_VERSION = 1;
				GENERATE_INFOPLIST_FILE = YES;
				MACOSX_DEPLOYMENT_TARGET = 13.3;
				MARKETING_VERSION = 1.0;
				PRODUCT_BUNDLE_IDENTIFIER = "Storm.Hosts-ToolTests";
				PRODUCT_NAME = "$(TARGET_NAME)";
				SWIFT_EMIT_LOC_STRINGS = NO;
				SWIFT_VERSION = 5.0;
				TEST_HOST = "$(BUILT_PRODUCTS_DIR)/Hosts Tool.app/$(BUNDLE_EXECUTABLE_FOLDER_PATH)/Hosts Tool";
			};
			name = Debug;
		};
		956D3CA12AAB8556008B8FF8 /* Release */ = {
			isa = XCBuildConfiguration;
			buildSettings = {
				ALWAYS_EMBED_SWIFT_STANDARD_LIBRARIES = YES;
				BUNDLE_LOADER = "$(TEST_HOST)";
				CODE_SIGN_STYLE = Automatic;
				CURRENT_PROJECT_VERSION = 1;
				GENERATE_INFOPLIST_FILE = YES;
				MACOSX_DEPLOYMENT_TARGET = 13.3;
				MARKETING_VERSION = 1.0;
				PRODUCT_BUNDLE_IDENTIFIER = "Storm.Hosts-ToolTests";
				PRODUCT_NAME = "$(TARGET_NAME)";
				SWIFT_EMIT_LOC_STRINGS = NO;
				SWIFT_VERSION = 5.0;
				TEST_HOST = "$(BUILT_PRODUCTS_DIR)/Hosts Tool.app/$(BUNDLE_EXECUTABLE_FOLDER_PATH)/Hosts Tool";
			};
			name = Release;
		};
		956D3CA32AAB8556008B8FF8 /* Debug */ = {
			isa = XCBuildConfiguration;
			buildSettings = {
				ALWAYS_EMBED_SWIFT_STANDARD_LIBRARIES = YES;
				CODE_SIGN_STYLE = Automatic;
				CURRENT_PROJECT_VERSION = 1;
				GENERATE_INFOPLIST_FILE = YES;
				MARKETING_VERSION = 1.0;
				PRODUCT_BUNDLE_IDENTIFIER = "Storm.Hosts-ToolUITests";
				PRODUCT_NAME = "$(TARGET_NAME)";
				SWIFT_EMIT_LOC_STRINGS = NO;
				SWIFT_VERSION = 5.0;
				TEST_TARGET_NAME = "Hosts Tool";
			};
			name = Debug;
		};
		956D3CA42AAB8556008B8FF8 /* Release */ = {
			isa = XCBuildConfiguration;
			buildSettings = {
				ALWAYS_EMBED_SWIFT_STANDARD_LIBRARIES = YES;
				CODE_SIGN_STYLE = Automatic;
				CURRENT_PROJECT_VERSION = 1;
				GENERATE_INFOPLIST_FILE = YES;
				MARKETING_VERSION = 1.0;
				PRODUCT_BUNDLE_IDENTIFIER = "Storm.Hosts-ToolUITests";
				PRODUCT_NAME = "$(TARGET_NAME)";
				SWIFT_EMIT_LOC_STRINGS = NO;
				SWIFT_VERSION = 5.0;
				TEST_TARGET_NAME = "Hosts Tool";
			};
			name = Release;
		};
/* End XCBuildConfiguration section */

/* Begin XCConfigurationList section */
		956D3C722AAB8554008B8FF8 /* Build configuration list for PBXProject "Hosts Tool" */ = {
			isa = XCConfigurationList;
			buildConfigurations = (
				956D3C9A2AAB8556008B8FF8 /* Debug */,
				956D3C9B2AAB8556008B8FF8 /* Release */,
			);
			defaultConfigurationIsVisible = 0;
			defaultConfigurationName = Release;
		};
		956D3C9C2AAB8556008B8FF8 /* Build configuration list for PBXNativeTarget "Hosts Tool" */ = {
			isa = XCConfigurationList;
			buildConfigurations = (
				956D3C9D2AAB8556008B8FF8 /* Debug */,
				956D3C9E2AAB8556008B8FF8 /* Release */,
			);
			defaultConfigurationIsVisible = 0;
			defaultConfigurationName = Release;
		};
		956D3C9F2AAB8556008B8FF8 /* Build configuration list for PBXNativeTarget "Hosts ToolTests" */ = {
			isa = XCConfigurationList;
			buildConfigurations = (
				956D3CA02AAB8556008B8FF8 /* Debug */,
				956D3CA12AAB8556008B8FF8 /* Release */,
			);
			defaultConfigurationIsVisible = 0;
			defaultConfigurationName = Release;
		};
		956D3CA22AAB8556008B8FF8 /* Build configuration list for PBXNativeTarget "Hosts ToolUITests" */ = {
			isa = XCConfigurationList;
			buildConfigurations = (
				956D3CA32AAB8556008B8FF8 /* Debug */,
				956D3CA42AAB8556008B8FF8 /* Release */,
			);
			defaultConfigurationIsVisible = 0;
			defaultConfigurationName = Release;
		};
/* End XCConfigurationList section */
	};
	rootObject = 956D3C6F2AAB8554008B8FF8 /* Project object */;
}
